{
  "name": "app-01",
  "version": "1.0.0",
  "lockfileVersion": 2,
  "requires": true,
  "packages": {
    "": {
      "name": "app-01",
      "version": "1.0.0",
      "license": "ISC",
      "dependencies": {
        "country-to-currency": "^1.0.4"
      }
    },
    "node_modules/country-to-currency": {
      "version": "1.0.4",
      "resolved": "https://registry.npmjs.org/country-to-currency/-/country-to-currency-1.0.4.tgz",
      "integrity": "sha512-CpgBfCs58gsRlrHi36uKTUZlnk82y1w5n+6CvkMpLDJDHrzfyy/XCn6Vp3psi3eSDLbzsHI/rZLwjLmWoLKJ6w=="
    }
  },
  "dependencies": {
    "country-to-currency": {
      "version": "1.0.4",
      "resolved": "https://registry.npmjs.org/country-to-currency/-/country-to-currency-1.0.4.tgz",
      "integrity": "sha512-CpgBfCs58gsRlrHi36uKTUZlnk82y1w5n+6CvkMpLDJDHrzfyy/XCn6Vp3psi3eSDLbzsHI/rZLwjLmWoLKJ6w=="
    }
  }
}
